// !$*UTF8*$!
{
	archiveVersion = 1;
	classes = {
	};
	objectVersion = 63;
	objects = {

/* Begin PBXBuildFile section */
		71875A3D2DAE1A7D00B207E8 /* ProgressPhotoUploadView.swift in Sources */ = {isa = PBXBuildFile; fileRef = 71875A372DAE1A7D00B207E8 /* ProgressPhotoUploadView.swift */; };
		71875A3E2DAE1A7D00B207E8 /* ImagePicker.swift in Sources */ = {isa = PBXBuildFile; fileRef = 71875A332DAE1A7D00B207E8 /* ImagePicker.swift */; };
		71875A3F2DAE1A7D00B207E8 /* NewWorkoutView.swift in Sources */ = {isa = PBXBuildFile; fileRef = 71875A352DAE1A7D00B207E8 /* NewWorkoutView.swift */; };
		71875A402DAE1A7D00B207E8 /* Workout.swift in Sources */ = {isa = PBXBuildFile; fileRef = 71875A2A2DAE1A7D00B207E8 /* Workout.swift */; };
		71875A412DAE1A7D00B207E8 /* SettingsView.swift in Sources */ = {isa = PBXBuildFile; fileRef = 71875A392DAE1A7D00B207E8 /* SettingsView.swift */; };
		71875A422DAE1A7D00B207E8 /* WeightUpdateView.swift in Sources */ = {isa = PBXBuildFile; fileRef = 71875A3A2DAE1A7D00B207E8 /* WeightUpdateView.swift */; };
		71875A442DAE1A7D00B207E8 /* ProgressView.swift in Sources */ = {isa = PBXBuildFile; fileRef = 71875A382DAE1A7D00B207E8 /* ProgressView.swift */; };
		71875A452DAE1A7D00B207E8 /* WorkoutDetailView.swift in Sources */ = {isa = PBXBuildFile; fileRef = 71875A3B2DAE1A7D00B207E8 /* WorkoutDetailView.swift */; };
		71875A462DAE1A7D00B207E8 /* GoalUpdateView.swift in Sources */ = {isa = PBXBuildFile; fileRef = 71875A312DAE1A7D00B207E8 /* GoalUpdateView.swift */; };
		71875A472DAE1A7D00B207E8 /* increment_appApp.swift in Sources */ = {isa = PBXBuildFile; fileRef = 71875A282DAE1A7D00B207E8 /* increment_appApp.swift */; };
		71875A482DAE1A7D00B207E8 /* WorkoutStore.swift in Sources */ = {isa = PBXBuildFile; fileRef = 71875A2B2DAE1A7D00B207E8 /* WorkoutStore.swift */; };
		71875A492DAE1A7D00B207E8 /* CalendarView.swift in Sources */ = {isa = PBXBuildFile; fileRef = 71875A302DAE1A7D00B207E8 /* CalendarView.swift */; };
		71875A4A2DAE1A7D00B207E8 /* MainTabView.swift in Sources */ = {isa = PBXBuildFile; fileRef = 71875A342DAE1A7D00B207E8 /* MainTabView.swift */; };
		71875A4B2DAE1A7D00B207E8 /* HomeView.swift in Sources */ = {isa = PBXBuildFile; fileRef = 71875A322DAE1A7D00B207E8 /* HomeView.swift */; };
		71875A4C2DAE1A7D00B207E8 /* UserProfile.swift in Sources */ = {isa = PBXBuildFile; fileRef = 71875A292DAE1A7D00B207E8 /* UserProfile.swift */; };
		71875A4D2DAE1A7D00B207E8 /* ProgressBar.swift in Sources */ = {isa = PBXBuildFile; fileRef = 71875A362DAE1A7D00B207E8 /* ProgressBar.swift */; };
		71875A4E2DAE1A7D00B207E8 /* AddExerciseView.swift in Sources */ = {isa = PBXBuildFile; fileRef = 71875A2F2DAE1A7D00B207E8 /* AddExerciseView.swift */; };
		71875A4F2DAE1A7D00B207E8 /* Assets.xcassets in Resources */ = {isa = PBXBuildFile; fileRef = 71875A252DAE1A7D00B207E8 /* Assets.xcassets */; };
		71875A502DAE1A7D00B207E8 /* Preview Assets.xcassets in Resources */ = {isa = PBXBuildFile; fileRef = 71875A2D2DAE1A7D00B207E8 /* Preview Assets.xcassets */; };
		71875A512DAE1A7D00B207E8 /* ExerciseHistoryView.swift in Sources */ = {isa = PBXBuildFile; fileRef = 71875A522DAE1A7D00B207E8 /* ExerciseHistoryView.swift */; };
		71DE613F2E8639150019F324 /* Auth in Frameworks */ = {isa = PBXBuildFile; productRef = 71DE613E2E8639150019F324 /* Auth */; };
		71DE61412E8639150019F324 /* Realtime in Frameworks */ = {isa = PBXBuildFile; productRef = 71DE61402E8639150019F324 /* Realtime */; };
		71DE61432E8639150019F324 /* Supabase in Frameworks */ = {isa = PBXBuildFile; productRef = 71DE61422E8639150019F324 /* Supabase */; };
		71DE61452E8639E90019F324 /* Config.plist in Resources */ = {isa = PBXBuildFile; fileRef = 71DE61442E8639E90019F324 /* Config.plist */; };
		71DE61482E863B0C0019F324 /* Realtime in Frameworks */ = {isa = PBXBuildFile; productRef = 71DE61472E863B0C0019F324 /* Realtime */; };
		71DE614A2E863B100019F324 /* Auth in Frameworks */ = {isa = PBXBuildFile; productRef = 71DE61492E863B100019F324 /* Auth */; };
		71DE61602E863F000019F324 /* AuthenticationManager.swift in Sources */ = {isa = PBXBuildFile; fileRef = 71DE615F2E863F000019F324 /* AuthenticationManager.swift */; };
		71DE61622E863F000019F324 /* SupabaseConfig.swift in Sources */ = {isa = PBXBuildFile; fileRef = 71DE61612E863F000019F324 /* SupabaseConfig.swift */; };
		71DE61662E863F000019F324 /* SupabaseStore.swift in Sources */ = {isa = PBXBuildFile; fileRef = 71DE61652E863F000019F324 /* SupabaseStore.swift */; };
		71DE61682E863F000019F324 /* AuthenticationView.swift in Sources */ = {isa = PBXBuildFile; fileRef = 71DE61672E863F000019F324 /* AuthenticationView.swift */; };
		71DE616A2E863F000019F324 /* AppStateManager.swift in Sources */ = {isa = PBXBuildFile; fileRef = 71DE61692E863F000019F324 /* AppStateManager.swift */; };
/* End PBXBuildFile section */

/* Begin PBXFileReference section */
		716BB2B42D939211008B2C98 /* increment_app.app */ = {isa = PBXFileReference; explicitFileType = wrapper.application; includeInIndex = 0; path = increment_app.app; sourceTree = BUILT_PRODUCTS_DIR; };
		71875A252DAE1A7D00B207E8 /* Assets.xcassets */ = {isa = PBXFileReference; lastKnownFileType = folder.assetcatalog; path = Assets.xcassets; sourceTree = "<group>"; };
		71875A272DAE1A7D00B207E8 /* increment_app.entitlements */ = {isa = PBXFileReference; lastKnownFileType = text.plist.entitlements; path = increment_app.entitlements; sourceTree = "<group>"; };
		71875A282DAE1A7D00B207E8 /* increment_appApp.swift */ = {isa = PBXFileReference; lastKnownFileType = sourcecode.swift; path = increment_appApp.swift; sourceTree = "<group>"; };
		71875A292DAE1A7D00B207E8 /* UserProfile.swift */ = {isa = PBXFileReference; lastKnownFileType = sourcecode.swift; path = UserProfile.swift; sourceTree = "<group>"; };
		71875A2A2DAE1A7D00B207E8 /* Workout.swift */ = {isa = PBXFileReference; lastKnownFileType = sourcecode.swift; path = Workout.swift; sourceTree = "<group>"; };
		71875A2B2DAE1A7D00B207E8 /* WorkoutStore.swift */ = {isa = PBXFileReference; lastKnownFileType = sourcecode.swift; path = WorkoutStore.swift; sourceTree = "<group>"; };
		71875A2D2DAE1A7D00B207E8 /* Preview Assets.xcassets */ = {isa = PBXFileReference; lastKnownFileType = folder.assetcatalog; path = "Preview Assets.xcassets"; sourceTree = "<group>"; };
		71875A2F2DAE1A7D00B207E8 /* AddExerciseView.swift */ = {isa = PBXFileReference; lastKnownFileType = sourcecode.swift; path = AddExerciseView.swift; sourceTree = "<group>"; };
		71875A302DAE1A7D00B207E8 /* CalendarView.swift */ = {isa = PBXFileReference; lastKnownFileType = sourcecode.swift; path = CalendarView.swift; sourceTree = "<group>"; };
		71875A312DAE1A7D00B207E8 /* GoalUpdateView.swift */ = {isa = PBXFileReference; lastKnownFileType = sourcecode.swift; path = GoalUpdateView.swift; sourceTree = "<group>"; };
		71875A322DAE1A7D00B207E8 /* HomeView.swift */ = {isa = PBXFileReference; lastKnownFileType = sourcecode.swift; path = HomeView.swift; sourceTree = "<group>"; };
		71875A332DAE1A7D00B207E8 /* ImagePicker.swift */ = {isa = PBXFileReference; lastKnownFileType = sourcecode.swift; path = ImagePicker.swift; sourceTree = "<group>"; };
		71875A342DAE1A7D00B207E8 /* MainTabView.swift */ = {isa = PBXFileReference; lastKnownFileType = sourcecode.swift; path = MainTabView.swift; sourceTree = "<group>"; };
		71875A352DAE1A7D00B207E8 /* NewWorkoutView.swift */ = {isa = PBXFileReference; lastKnownFileType = sourcecode.swift; path = NewWorkoutView.swift; sourceTree = "<group>"; };
		71875A362DAE1A7D00B207E8 /* ProgressBar.swift */ = {isa = PBXFileReference; lastKnownFileType = sourcecode.swift; path = ProgressBar.swift; sourceTree = "<group>"; };
		71875A372DAE1A7D00B207E8 /* ProgressPhotoUploadView.swift */ = {isa = PBXFileReference; lastKnownFileType = sourcecode.swift; path = ProgressPhotoUploadView.swift; sourceTree = "<group>"; };
		71875A382DAE1A7D00B207E8 /* ProgressView.swift */ = {isa = PBXFileReference; lastKnownFileType = sourcecode.swift; path = ProgressView.swift; sourceTree = "<group>"; };
		71875A392DAE1A7D00B207E8 /* SettingsView.swift */ = {isa = PBXFileReference; lastKnownFileType = sourcecode.swift; path = SettingsView.swift; sourceTree = "<group>"; };
		71875A3A2DAE1A7D00B207E8 /* WeightUpdateView.swift */ = {isa = PBXFileReference; lastKnownFileType = sourcecode.swift; path = WeightUpdateView.swift; sourceTree = "<group>"; };
		71875A3B2DAE1A7D00B207E8 /* WorkoutDetailView.swift */ = {isa = PBXFileReference; lastKnownFileType = sourcecode.swift; path = WorkoutDetailView.swift; sourceTree = "<group>"; };
		71875A522DAE1A7D00B207E8 /* ExerciseHistoryView.swift */ = {isa = PBXFileReference; lastKnownFileType = sourcecode.swift; path = ExerciseHistoryView.swift; sourceTree = "<group>"; };
		71DE61442E8639E90019F324 /* Config.plist */ = {isa = PBXFileReference; lastKnownFileType = text.plist.xml; path = Config.plist; sourceTree = "<group>"; };
		71DE615F2E863F000019F324 /* AuthenticationManager.swift */ = {isa = PBXFileReference; lastKnownFileType = sourcecode.swift; path = AuthenticationManager.swift; sourceTree = "<group>"; };
		71DE61612E863F000019F324 /* SupabaseConfig.swift */ = {isa = PBXFileReference; lastKnownFileType = sourcecode.swift; path = SupabaseConfig.swift; sourceTree = "<group>"; };
		71DE61652E863F000019F324 /* SupabaseStore.swift */ = {isa = PBXFileReference; lastKnownFileType = sourcecode.swift; path = SupabaseStore.swift; sourceTree = "<group>"; };
		71DE61672E863F000019F324 /* AuthenticationView.swift */ = {isa = PBXFileReference; lastKnownFileType = sourcecode.swift; path = AuthenticationView.swift; sourceTree = "<group>"; };
		71DE61692E863F000019F324 /* AppStateManager.swift */ = {isa = PBXFileReference; lastKnownFileType = sourcecode.swift; path = AppStateManager.swift; sourceTree = "<group>"; };
/* End PBXFileReference section */

/* Begin PBXFrameworksBuildPhase section */
		716BB2B12D939211008B2C98 /* Frameworks */ = {
			isa = PBXFrameworksBuildPhase;
			buildActionMask = 2147483647;
			files = (
				71DE613F2E8639150019F324 /* Auth in Frameworks */,
				71DE61412E8639150019F324 /* Realtime in Frameworks */,
				71DE61432E8639150019F324 /* Supabase in Frameworks */,
				71DE614A2E863B100019F324 /* Auth in Frameworks */,
				71DE61482E863B0C0019F324 /* Realtime in Frameworks */,
			);
			runOnlyForDeploymentPostprocessing = 0;
		};
/* End PBXFrameworksBuildPhase section */

/* Begin PBXGroup section */
		716BB2AB2D939211008B2C98 = {
			isa = PBXGroup;
			children = (
				71DE61442E8639E90019F324 /* Config.plist */,
				716BB2B52D939211008B2C98 /* Products */,
				71875A252DAE1A7D00B207E8 /* Assets.xcassets */,
				71875A272DAE1A7D00B207E8 /* increment_app.entitlements */,
				71875A282DAE1A7D00B207E8 /* increment_appApp.swift */,
				71875A2C2DAE1A7D00B207E8 /* Models */,
				71875A2E2DAE1A7D00B207E8 /* Preview Content */,
				71875A3C2DAE1A7D00B207E8 /* Views */,
				71DE61462E863B0C0019F324 /* Frameworks */,
			);
			sourceTree = "<group>";
		};
		716BB2B52D939211008B2C98 /* Products */ = {
			isa = PBXGroup;
			children = (
				716BB2B42D939211008B2C98 /* increment_app.app */,
			);
			name = Products;
			sourceTree = "<group>";
		};
		71875A2C2DAE1A7D00B207E8 /* Models */ = {
			isa = PBXGroup;
			children = (
				71875A292DAE1A7D00B207E8 /* UserProfile.swift */,
				71875A2A2DAE1A7D00B207E8 /* Workout.swift */,
				71875A2B2DAE1A7D00B207E8 /* WorkoutStore.swift */,
				71DE615F2E863F000019F324 /* AuthenticationManager.swift */,
				71DE61612E863F000019F324 /* SupabaseConfig.swift */,
				71DE61652E863F000019F324 /* SupabaseStore.swift */,
				71DE61692E863F000019F324 /* AppStateManager.swift */,
			);
			path = Models;
			sourceTree = "<group>";
		};
		71875A2E2DAE1A7D00B207E8 /* Preview Content */ = {
			isa = PBXGroup;
			children = (
				71875A2D2DAE1A7D00B207E8 /* Preview Assets.xcassets */,
			);
			path = "Preview Content";
			sourceTree = "<group>";
		};
		71875A3C2DAE1A7D00B207E8 /* Views */ = {
			isa = PBXGroup;
			children = (
				71875A2F2DAE1A7D00B207E8 /* AddExerciseView.swift */,
				71DE61672E863F000019F324 /* AuthenticationView.swift */,
				71875A302DAE1A7D00B207E8 /* CalendarView.swift */,
				71875A312DAE1A7D00B207E8 /* GoalUpdateView.swift */,
				71875A322DAE1A7D00B207E8 /* HomeView.swift */,
				71875A332DAE1A7D00B207E8 /* ImagePicker.swift */,
				71875A342DAE1A7D00B207E8 /* MainTabView.swift */,
				71875A352DAE1A7D00B207E8 /* NewWorkoutView.swift */,
				71875A362DAE1A7D00B207E8 /* ProgressBar.swift */,
				71875A372DAE1A7D00B207E8 /* ProgressPhotoUploadView.swift */,
				71875A382DAE1A7D00B207E8 /* ProgressView.swift */,
				71875A392DAE1A7D00B207E8 /* SettingsView.swift */,
				71875A3A2DAE1A7D00B207E8 /* WeightUpdateView.swift */,
				71875A3B2DAE1A7D00B207E8 /* WorkoutDetailView.swift */,
				71875A522DAE1A7D00B207E8 /* ExerciseHistoryView.swift */,
			);
			path = Views;
			sourceTree = "<group>";
		};
		71DE61462E863B0C0019F324 /* Frameworks */ = {
			isa = PBXGroup;
			children = (
			);
			name = Frameworks;
			sourceTree = "<group>";
		};
/* End PBXGroup section */

/* Begin PBXNativeTarget section */
		716BB2B32D939211008B2C98 /* increment_app */ = {
			isa = PBXNativeTarget;
			buildConfigurationList = 716BB2C22D939213008B2C98 /* Build configuration list for PBXNativeTarget "increment_app" */;
			buildPhases = (
				716BB2B02D939211008B2C98 /* Sources */,
				716BB2B12D939211008B2C98 /* Frameworks */,
				716BB2B22D939211008B2C98 /* Resources */,
			);
			buildRules = (
			);
			dependencies = (
			);
			name = increment_app;
			productName = increment_app;
			productReference = 716BB2B42D939211008B2C98 /* increment_app.app */;
			productType = "com.apple.product-type.application";
		};
/* End PBXNativeTarget section */

/* Begin PBXProject section */
		716BB2AC2D939211008B2C98 /* Project object */ = {
			isa = PBXProject;
			attributes = {
				BuildIndependentTargetsInParallel = 1;
				LastSwiftUpdateCheck = 1620;
				LastUpgradeCheck = 1640;
				TargetAttributes = {
					716BB2B32D939211008B2C98 = {
						CreatedOnToolsVersion = 16.2;
					};
				};
			};
			buildConfigurationList = 716BB2AF2D939211008B2C98 /* Build configuration list for PBXProject "increment_app" */;
			compatibilityVersion = "Xcode 14.0";
			developmentRegion = en;
			hasScannedForEncodings = 0;
			knownRegions = (
				en,
				Base,
			);
			mainGroup = 716BB2AB2D939211008B2C98;
			minimizedProjectReferenceProxies = 1;
			packageReferences = (
				71DE613D2E8638C70019F324 /* XCRemoteSwiftPackageReference "supabase-swift" */,
			);
			productRefGroup = 716BB2B52D939211008B2C98 /* Products */;
			projectDirPath = "";
			projectRoot = "";
			targets = (
				716BB2B32D939211008B2C98 /* increment_app */,
			);
		};
/* End PBXProject section */

/* Begin PBXResourcesBuildPhase section */
		716BB2B22D939211008B2C98 /* Resources */ = {
			isa = PBXResourcesBuildPhase;
			buildActionMask = 2147483647;
			files = (
				71875A4F2DAE1A7D00B207E8 /* Assets.xcassets in Resources */,
				71DE61452E8639E90019F324 /* Config.plist in Resources */,
				71875A502DAE1A7D00B207E8 /* Preview Assets.xcassets in Resources */,
			);
			runOnlyForDeploymentPostprocessing = 0;
		};
/* End PBXResourcesBuildPhase section */

/* Begin PBXSourcesBuildPhase section */
		716BB2B02D939211008B2C98 /* Sources */ = {
			isa = PBXSourcesBuildPhase;
			buildActionMask = 2147483647;
			files = (
				71875A3D2DAE1A7D00B207E8 /* ProgressPhotoUploadView.swift in Sources */,
				71875A3E2DAE1A7D00B207E8 /* ImagePicker.swift in Sources */,
				71875A3F2DAE1A7D00B207E8 /* NewWorkoutView.swift in Sources */,
				71875A402DAE1A7D00B207E8 /* Workout.swift in Sources */,
				71875A412DAE1A7D00B207E8 /* SettingsView.swift in Sources */,
				71875A422DAE1A7D00B207E8 /* WeightUpdateView.swift in Sources */,
				71875A442DAE1A7D00B207E8 /* ProgressView.swift in Sources */,
				71875A452DAE1A7D00B207E8 /* WorkoutDetailView.swift in Sources */,
				71875A462DAE1A7D00B207E8 /* GoalUpdateView.swift in Sources */,
				71875A472DAE1A7D00B207E8 /* increment_appApp.swift in Sources */,
				71875A482DAE1A7D00B207E8 /* WorkoutStore.swift in Sources */,
				71875A492DAE1A7D00B207E8 /* CalendarView.swift in Sources */,
				71875A4A2DAE1A7D00B207E8 /* MainTabView.swift in Sources */,
				71875A4B2DAE1A7D00B207E8 /* HomeView.swift in Sources */,
				71875A4C2DAE1A7D00B207E8 /* UserProfile.swift in Sources */,
				71875A4D2DAE1A7D00B207E8 /* ProgressBar.swift in Sources */,
				71875A4E2DAE1A7D00B207E8 /* AddExerciseView.swift in Sources */,
				71875A512DAE1A7D00B207E8 /* ExerciseHistoryView.swift in Sources */,
				71DE61602E863F000019F324 /* AuthenticationManager.swift in Sources */,
				71DE61622E863F000019F324 /* SupabaseConfig.swift in Sources */,
				71DE61662E863F000019F324 /* SupabaseStore.swift in Sources */,
				71DE61682E863F000019F324 /* AuthenticationView.swift in Sources */,
				71DE616A2E863F000019F324 /* AppStateManager.swift in Sources */,
			);
			runOnlyForDeploymentPostprocessing = 0;
		};
/* End PBXSourcesBuildPhase section */

/* Begin XCBuildConfiguration section */
		716BB2C02D939213008B2C98 /* Debug */ = {
			isa = XCBuildConfiguration;
			buildSettings = {
				ALWAYS_SEARCH_USER_PATHS = NO;
				ASSETCATALOG_COMPILER_GENERATE_SWIFT_ASSET_SYMBOL_EXTENSIONS = YES;
				CLANG_ANALYZER_NONNULL = YES;
				CLANG_ANALYZER_NUMBER_OBJECT_CONVERSION = YES_AGGRESSIVE;
				CLANG_CXX_LANGUAGE_STANDARD = "gnu++20";
				CLANG_ENABLE_MODULES = YES;
				CLANG_ENABLE_OBJC_ARC = YES;
				CLANG_ENABLE_OBJC_WEAK = YES;
				CLANG_WARN_BLOCK_CAPTURE_AUTORELEASING = YES;
				CLANG_WARN_BOOL_CONVERSION = YES;
				CLANG_WARN_COMMA = YES;
				CLANG_WARN_CONSTANT_CONVERSION = YES;
				CLANG_WARN_DEPRECATED_OBJC_IMPLEMENTATIONS = YES;
				CLANG_WARN_DIRECT_OBJC_ISA_USAGE = YES_ERROR;
				CLANG_WARN_DOCUMENTATION_COMMENTS = YES;
				CLANG_WARN_EMPTY_BODY = YES;
				CLANG_WARN_ENUM_CONVERSION = YES;
				CLANG_WARN_INFINITE_RECURSION = YES;
				CLANG_WARN_INT_CONVERSION = YES;
				CLANG_WARN_NON_LITERAL_NULL_CONVERSION = YES;
				CLANG_WARN_OBJC_IMPLICIT_RETAIN_SELF = YES;
				CLANG_WARN_OBJC_LITERAL_CONVERSION = YES;
				CLANG_WARN_OBJC_ROOT_CLASS = YES_ERROR;
				CLANG_WARN_QUOTED_INCLUDE_IN_FRAMEWORK_HEADER = YES;
				CLANG_WARN_RANGE_LOOP_ANALYSIS = YES;
				CLANG_WARN_STRICT_PROTOTYPES = YES;
				CLANG_WARN_SUSPICIOUS_MOVE = YES;
				CLANG_WARN_UNGUARDED_AVAILABILITY = YES_AGGRESSIVE;
				CLANG_WARN_UNREACHABLE_CODE = YES;
				CLANG_WARN__DUPLICATE_METHOD_MATCH = YES;
				COPY_PHASE_STRIP = NO;
				DEBUG_INFORMATION_FORMAT = dwarf;
				DEVELOPMENT_TEAM = Z23AUTKB57;
				ENABLE_STRICT_OBJC_MSGSEND = YES;
				ENABLE_TESTABILITY = YES;
				ENABLE_USER_SCRIPT_SANDBOXING = YES;
				GCC_C_LANGUAGE_STANDARD = gnu17;
				GCC_DYNAMIC_NO_PIC = NO;
				GCC_NO_COMMON_BLOCKS = YES;
				GCC_OPTIMIZATION_LEVEL = 0;
				GCC_PREPROCESSOR_DEFINITIONS = (
					"DEBUG=1",
					"$(inherited)",
				);
				GCC_WARN_64_TO_32_BIT_CONVERSION = YES;
				GCC_WARN_ABOUT_RETURN_TYPE = YES_ERROR;
				GCC_WARN_UNDECLARED_SELECTOR = YES;
				GCC_WARN_UNINITIALIZED_AUTOS = YES_AGGRESSIVE;
				GCC_WARN_UNUSED_FUNCTION = YES;
				GCC_WARN_UNUSED_VARIABLE = YES;
				IPHONEOS_DEPLOYMENT_TARGET = 18.2;
				LOCALIZATION_PREFERS_STRING_CATALOGS = YES;
				MTL_ENABLE_DEBUG_INFO = INCLUDE_SOURCE;
				MTL_FAST_MATH = YES;
				ONLY_ACTIVE_ARCH = YES;
				SDKROOT = iphoneos;
				SWIFT_ACTIVE_COMPILATION_CONDITIONS = "DEBUG $(inherited)";
				SWIFT_OPTIMIZATION_LEVEL = "-Onone";
			};
			name = Debug;
		};
		716BB2C12D939213008B2C98 /* Release */ = {
			isa = XCBuildConfiguration;
			buildSettings = {
				ALWAYS_SEARCH_USER_PATHS = NO;
				ASSETCATALOG_COMPILER_GENERATE_SWIFT_ASSET_SYMBOL_EXTENSIONS = YES;
				CLANG_ANALYZER_NONNULL = YES;
				CLANG_ANALYZER_NUMBER_OBJECT_CONVERSION = YES_AGGRESSIVE;
				CLANG_CXX_LANGUAGE_STANDARD = "gnu++20";
				CLANG_ENABLE_MODULES = YES;
				CLANG_ENABLE_OBJC_ARC = YES;
				CLANG_ENABLE_OBJC_WEAK = YES;
				CLANG_WARN_BLOCK_CAPTURE_AUTORELEASING = YES;
				CLANG_WARN_BOOL_CONVERSION = YES;
				CLANG_WARN_COMMA = YES;
				CLANG_WARN_CONSTANT_CONVERSION = YES;
				CLANG_WARN_DEPRECATED_OBJC_IMPLEMENTATIONS = YES;
				CLANG_WARN_DIRECT_OBJC_ISA_USAGE = YES_ERROR;
				CLANG_WARN_DOCUMENTATION_COMMENTS = YES;
				CLANG_WARN_EMPTY_BODY = YES;
				CLANG_WARN_ENUM_CONVERSION = YES;
				CLANG_WARN_INFINITE_RECURSION = YES;
				CLANG_WARN_INT_CONVERSION = YES;
				CLANG_WARN_NON_LITERAL_NULL_CONVERSION = YES;
				CLANG_WARN_OBJC_IMPLICIT_RETAIN_SELF = YES;
				CLANG_WARN_OBJC_LITERAL_CONVERSION = YES;
				CLANG_WARN_OBJC_ROOT_CLASS = YES_ERROR;
				CLANG_WARN_QUOTED_INCLUDE_IN_FRAMEWORK_HEADER = YES;
				CLANG_WARN_RANGE_LOOP_ANALYSIS = YES;
				CLANG_WARN_STRICT_PROTOTYPES = YES;
				CLANG_WARN_SUSPICIOUS_MOVE = YES;
				CLANG_WARN_UNGUARDED_AVAILABILITY = YES_AGGRESSIVE;
				CLANG_WARN_UNREACHABLE_CODE = YES;
				CLANG_WARN__DUPLICATE_METHOD_MATCH = YES;
				COPY_PHASE_STRIP = NO;
				DEBUG_INFORMATION_FORMAT = "dwarf-with-dsym";
				DEVELOPMENT_TEAM = Z23AUTKB57;
				ENABLE_NS_ASSERTIONS = NO;
				ENABLE_STRICT_OBJC_MSGSEND = YES;
				ENABLE_USER_SCRIPT_SANDBOXING = YES;
				GCC_C_LANGUAGE_STANDARD = gnu17;
				GCC_NO_COMMON_BLOCKS = YES;
				GCC_WARN_64_TO_32_BIT_CONVERSION = YES;
				GCC_WARN_ABOUT_RETURN_TYPE = YES_ERROR;
				GCC_WARN_UNDECLARED_SELECTOR = YES;
				GCC_WARN_UNINITIALIZED_AUTOS = YES_AGGRESSIVE;
				GCC_WARN_UNUSED_FUNCTION = YES;
				GCC_WARN_UNUSED_VARIABLE = YES;
				IPHONEOS_DEPLOYMENT_TARGET = 18.2;
				LOCALIZATION_PREFERS_STRING_CATALOGS = YES;
				MTL_ENABLE_DEBUG_INFO = NO;
				MTL_FAST_MATH = YES;
				SDKROOT = iphoneos;
				SWIFT_COMPILATION_MODE = wholemodule;
				VALIDATE_PRODUCT = YES;
			};
			name = Release;
		};
		716BB2C32D939213008B2C98 /* Debug */ = {
			isa = XCBuildConfiguration;
			buildSettings = {
				ASSETCATALOG_COMPILER_APPICON_NAME = AppIcon;
				ASSETCATALOG_COMPILER_GLOBAL_ACCENT_COLOR_NAME = AccentColor;
				CFBundleExecutable = "$(EXECUTABLE_NAME)";
				CODE_SIGN_STYLE = Automatic;
				CURRENT_PROJECT_VERSION = 1;
				DEVELOPMENT_TEAM = Z23AUTKB57;
				ENABLE_PREVIEWS = YES;
				GENERATE_INFOPLIST_FILE = YES;
				INFOPLIST_KEY_NSCameraUsageDescription = "Requesting Camera Access for Progress Pictures";
				INFOPLIST_KEY_UIApplicationSceneManifest_Generation = YES;
				INFOPLIST_KEY_UIApplicationSupportsIndirectInputEvents = YES;
				INFOPLIST_KEY_UILaunchScreen_Generation = YES;
				INFOPLIST_KEY_UISupportedInterfaceOrientations_iPad = "UIInterfaceOrientationPortrait UIInterfaceOrientationPortraitUpsideDown UIInterfaceOrientationLandscapeLeft UIInterfaceOrientationLandscapeRight";
				INFOPLIST_KEY_UISupportedInterfaceOrientations_iPhone = "UIInterfaceOrientationPortrait UIInterfaceOrientationLandscapeLeft UIInterfaceOrientationLandscapeRight";
				LD_RUNPATH_SEARCH_PATHS = (
					"$(inherited)",
					"@executable_path/Frameworks",
				);
				MARKETING_VERSION = 1.0;
				PRODUCT_BUNDLE_IDENTIFIER = "com.tatedev.increment-app.dev";
				PRODUCT_NAME = "$(TARGET_NAME)";
				SWIFT_EMIT_LOC_STRINGS = YES;
				SWIFT_VERSION = 5.0;
				TARGETED_DEVICE_FAMILY = "1,2";
			};
			name = Debug;
		};
		716BB2C42D939213008B2C98 /* Release */ = {
			isa = XCBuildConfiguration;
			buildSettings = {
				ASSETCATALOG_COMPILER_APPICON_NAME = AppIcon;
				ASSETCATALOG_COMPILER_GLOBAL_ACCENT_COLOR_NAME = AccentColor;
				CFBundleExecutable = "$(EXECUTABLE_NAME)";
				CODE_SIGN_STYLE = Automatic;
				CURRENT_PROJECT_VERSION = 1;
				DEVELOPMENT_TEAM = Z23AUTKB57;
				ENABLE_PREVIEWS = YES;
				GENERATE_INFOPLIST_FILE = YES;
				INFOPLIST_KEY_NSCameraUsageDescription = "Requesting Camera Access for Progress Pictures";
				INFOPLIST_KEY_UIApplicationSceneManifest_Generation = YES;
				INFOPLIST_KEY_UIApplicationSupportsIndirectInputEvents = YES;
				INFOPLIST_KEY_UILaunchScreen_Generation = YES;
				INFOPLIST_KEY_UISupportedInterfaceOrientations_iPad = "UIInterfaceOrientationPortrait UIInterfaceOrientationPortraitUpsideDown UIInterfaceOrientationLandscapeLeft UIInterfaceOrientationLandscapeRight";
				INFOPLIST_KEY_UISupportedInterfaceOrientations_iPhone = "UIInterfaceOrientationPortrait UIInterfaceOrientationLandscapeLeft UIInterfaceOrientationLandscapeRight";
				LD_RUNPATH_SEARCH_PATHS = (
					"$(inherited)",
					"@executable_path/Frameworks",
				);
				MARKETING_VERSION = 1.0;
				PRODUCT_BUNDLE_IDENTIFIER = "com.tatedev.increment-app.dev";
				PRODUCT_NAME = "$(TARGET_NAME)";
				SWIFT_EMIT_LOC_STRINGS = YES;
				SWIFT_VERSION = 5.0;
				TARGETED_DEVICE_FAMILY = "1,2";
			};
			name = Release;
		};
/* End XCBuildConfiguration section */

/* Begin XCConfigurationList section */
		716BB2AF2D939211008B2C98 /* Build configuration list for PBXProject "increment_app" */ = {
			isa = XCConfigurationList;
			buildConfigurations = (
				716BB2C02D939213008B2C98 /* Debug */,
				716BB2C12D939213008B2C98 /* Release */,
			);
			defaultConfigurationIsVisible = 0;
			defaultConfigurationName = Release;
		};
		716BB2C22D939213008B2C98 /* Build configuration list for PBXNativeTarget "increment_app" */ = {
			isa = XCConfigurationList;
			buildConfigurations = (
				716BB2C32D939213008B2C98 /* Debug */,
				716BB2C42D939213008B2C98 /* Release */,
			);
			defaultConfigurationIsVisible = 0;
			defaultConfigurationName = Release;
		};
/* End XCConfigurationList section */

/* Begin XCRemoteSwiftPackageReference section */
		71DE613D2E8638C70019F324 /* XCRemoteSwiftPackageReference "supabase-swift" */ = {
			isa = XCRemoteSwiftPackageReference;
			repositoryURL = "https://github.com/supabase/supabase-swift";
			requirement = {
				kind = upToNextMajorVersion;
				minimumVersion = 2.5.1;
			};
		};
/* End XCRemoteSwiftPackageReference section */

/* Begin XCSwiftPackageProductDependency section */
		71DE613E2E8639150019F324 /* Auth */ = {
			isa = XCSwiftPackageProductDependency;
			package = 71DE613D2E8638C70019F324 /* XCRemoteSwiftPackageReference "supabase-swift" */;
			productName = Auth;
		};
		71DE61402E8639150019F324 /* Realtime */ = {
			isa = XCSwiftPackageProductDependency;
			package = 71DE613D2E8638C70019F324 /* XCRemoteSwiftPackageReference "supabase-swift" */;
			productName = Realtime;
		};
		71DE61422E8639150019F324 /* Supabase */ = {
			isa = XCSwiftPackageProductDependency;
			package = 71DE613D2E8638C70019F324 /* XCRemoteSwiftPackageReference "supabase-swift" */;
			productName = Supabase;
		};
		71DE61472E863B0C0019F324 /* Realtime */ = {
			isa = XCSwiftPackageProductDependency;
			package = 71DE613D2E8638C70019F324 /* XCRemoteSwiftPackageReference "supabase-swift" */;
			productName = Realtime;
		};
		71DE61492E863B100019F324 /* Auth */ = {
			isa = XCSwiftPackageProductDependency;
			package = 71DE613D2E8638C70019F324 /* XCRemoteSwiftPackageReference "supabase-swift" */;
			productName = Auth;
		};
/* End XCSwiftPackageProductDependency section */
	};
	rootObject = 716BB2AC2D939211008B2C98 /* Project object */;
}
